{
  "name": "matter-rust-capture-commissioning",
  "version": "0.0.0",
  "lockfileVersion": 3,
  "requires": true,
  "packages": {
    "": {
      "name": "matter-rust-capture-commissioning",
      "version": "0.0.0",
      "dependencies": {
        "@matter/general": "0.17.1",
        "@matter/main": "0.17.1",
        "@matter/nodejs": "0.17.1",
        "@matter/protocol": "0.17.1",
        "@matter/types": "0.17.1",
        "@project-chip/matter.js": "0.17.1"
      },
      "engines": {
        "node": ">=20"
      }
    },
    "node_modules/@matter/general": {
      "version": "0.17.1",
      "resolved": "https://registry.npmjs.org/@matter/general/-/general-0.17.1.tgz",
      "integrity": "sha512-ImAchtIK8fRiNr5uRTeBFG6qNOb1TbZLhTuj4iYdO+KN1/Uf+GY/3cQhmwGGv1sfIrHBcRKLyBy8SH1S4bvPhg==",
      "license": "Apache-2.0",
      "dependencies": {
        "@noble/curves": "^2.2.0"
      }
    },
    "node_modules/@matter/main": {
      "version": "0.17.1",
      "resolved": "https://registry.npmjs.org/@matter/main/-/main-0.17.1.tgz",
      "integrity": "sha512-3CtsEfgpuaIWytfKJaA/92zF4OuNc4SMq43TqtbrkpazZ380HA3kKSECohhgaIlh72v6565ZAAoWuI/iZF0Baw==",
      "license": "Apache-2.0",
      "dependencies": {
        "@matter/general": "0.17.1",
        "@matter/model": "0.17.1",
        "@matter/node": "0.17.1",
        "@matter/protocol": "0.17.1",
        "@matter/types": "0.17.1"
      },
      "optionalDependencies": {
        "@matter/nodejs": "0.17.1"
      }
    },
    "node_modules/@matter/model": {
      "version": "0.17.1",
      "resolved": "https://registry.npmjs.org/@matter/model/-/model-0.17.1.tgz",
      "integrity": "sha512-lW8p8J02MXRuijDFZXf+o2TsyYjkYq6hf2CC2WudZ4gbVQQHQB85XWj+MEQMUtNQk9FzcYZSDUnBL4q1E0Z9pw==",
      "license": "Apache-2.0",
      "dependencies": {
        "@matter/general": "0.17.1"
      }
    },
    "node_modules/@matter/node": {
      "version": "0.17.1",
      "resolved": "https://registry.npmjs.org/@matter/node/-/node-0.17.1.tgz",
      "integrity": "sha512-+0RzbqqxitjtYp33k6HOd/3JNd9odZoMm3kpofxdX+oaJiOOqDWeZr3I6+OjuiSOisGS3U87FJ4lN73/u3SK3A==",
      "license": "Apache-2.0",
      "dependencies": {
        "@matter/general": "0.17.1",
        "@matter/model": "0.17.1",
        "@matter/protocol": "0.17.1",
        "@matter/types": "0.17.1"
      }
    },
    "node_modules/@matter/nodejs": {
      "version": "0.17.1",
      "resolved": "https://registry.npmjs.org/@matter/nodejs/-/nodejs-0.17.1.tgz",
      "integrity": "sha512-nYHfMaGqDvbLVDci5F8zRxOxh+jglF2ssWu0PkGx3C/23ON7Wlt4bcuvI0arq4xi9e3EDSDfZmGLh6RF1JuX5g==",
      "license": "Apache-2.0",
      "dependencies": {
        "@matter/general": "0.17.1",
        "@matter/node": "0.17.1",
        "@matter/protocol": "0.17.1",
        "@matter/types": "0.17.1"
      },
      "engines": {
        "node": ">=20.19.0 <22.0.0 || >=22.13.0"
      }
    },
    "node_modules/@matter/protocol": {
      "version": "0.17.1",
      "resolved": "https://registry.npmjs.org/@matter/protocol/-/protocol-0.17.1.tgz",
      "integrity": "sha512-7MbNzcxMojqLavBiv8wYZ6pQz/uYch+oWyRpclBeSpW6hYjgZQVXWKY2OYhFpr8rJd0BhQNc3xPGkVSd+VwSnA==",
      "license": "Apache-2.0",
      "dependencies": {
        "@matter/general": "0.17.1",
        "@matter/model": "0.17.1",
        "@matter/types": "0.17.1"
      }
    },
    "node_modules/@matter/types": {
      "version": "0.17.1",
      "resolved": "https://registry.npmjs.org/@matter/types/-/types-0.17.1.tgz",
      "integrity": "sha512-DaqwpWl8Xayl05QqCRK2TPqvyuswELLbdCUD1H3R4CG2fvOAJqocGn/fu0q9mtAUEhHxuz2MgyLryRMIH6CNLw==",
      "license": "Apache-2.0",
      "dependencies": {
        "@matter/general": "0.17.1",
        "@matter/model": "0.17.1"
      }
    },
    "node_modules/@noble/curves": {
      "version": "2.2.0",
      "resolved": "https://registry.npmjs.org/@noble/curves/-/curves-2.2.0.tgz",
      "integrity": "sha512-T/BoHgFXirb0ENSPBquzX0rcjXeM6Lo892a2jlYJkqk83LqZx0l1Of7DzlKJ6jkpvMrkHSnAcgb5JegL8SeIkQ==",
      "license": "MIT",
      "dependencies": {
        "@noble/hashes": "2.2.0"
      },
      "engines": {
        "node": ">= 20.19.0"
      },
      "funding": {
        "url": "https://paulmillr.com/funding/"
      }
    },
    "node_modules/@noble/hashes": {
      "version": "2.2.0",
      "resolved": "https://registry.npmjs.org/@noble/hashes/-/hashes-2.2.0.tgz",
      "integrity": "sha512-IYqDGiTXab6FniAgnSdZwgWbomxpy9FtYvLKs7wCUs2a8RkITG+DFGO1DM9cr+E3/RgADRpFjrKVaJ1z6sjtEg==",
      "license": "MIT",
      "engines": {
        "node": ">= 20.19.0"
      },
      "funding": {
        "url": "https://paulmillr.com/funding/"
      }
    },
    "node_modules/@project-chip/matter.js": {
      "version": "0.17.1",
      "resolved": "https://registry.npmjs.org/@project-chip/matter.js/-/matter.js-0.17.1.tgz",
      "integrity": "sha512-N/5pDIfD40r8zvzl48wLtA+xm5aWO5GR4RNv/uVQ+5s6mguJta5kt6n8KoPI9WxWdgDWB61CIYVRsNUnCluTxA==",
      "license": "Apache-2.0",
      "dependencies": {
        "@matter/general": "0.17.1",
        "@matter/model": "0.17.1",
        "@matter/node": "0.17.1",
        "@matter/protocol": "0.17.1",
        "@matter/types": "0.17.1"
      }
    }
  }
}
