{
  "name": "matter-rust-capture-tlv",
  "version": "0.0.0",
  "lockfileVersion": 3,
  "requires": true,
  "packages": {
    "": {
      "name": "matter-rust-capture-tlv",
      "version": "0.0.0",
      "dependencies": {
        "@iarna/toml": "2.2.5",
        "@project-chip/matter.js": "0.13.0"
      },
      "engines": {
        "node": ">=20"
      }
    },
    "node_modules/@iarna/toml": {
      "version": "2.2.5",
      "resolved": "https://registry.npmjs.org/@iarna/toml/-/toml-2.2.5.tgz",
      "integrity": "sha512-trnsAYxU3xnS1gPHPyU961coFyLkh4gAD/0zQ5mymY4yOZ+CYvsPqUbOFSw0aDM4y0tV7tiFxL/1XfXPNC6IPg==",
      "license": "ISC"
    },
    "node_modules/@matter/general": {
      "version": "0.13.0",
      "resolved": "https://registry.npmjs.org/@matter/general/-/general-0.13.0.tgz",
      "integrity": "sha512-PZ+FVJotKWgtoBvorqN+PLCuTBBbTCJTCss2P5C6n9r/ZAIcCgW7LDTFmRXNNNMJEri8JUVR0REvHaa92zVj2Q==",
      "license": "Apache-2.0",
      "dependencies": {
        "@noble/curves": "^1.8.2"
      }
    },
    "node_modules/@matter/model": {
      "version": "0.13.0",
      "resolved": "https://registry.npmjs.org/@matter/model/-/model-0.13.0.tgz",
      "integrity": "sha512-rcXu7OdMctlOGVOkClH6/+11ct6FMDSK2/Yu05+J7BJfohJY5mQbo0jnz8l0FPbwRrk5ADbqfAJ5jh/1OKHR2Q==",
      "license": "Apache-2.0",
      "dependencies": {
        "@matter/general": "0.13.0"
      }
    },
    "node_modules/@matter/node": {
      "version": "0.13.0",
      "resolved": "https://registry.npmjs.org/@matter/node/-/node-0.13.0.tgz",
      "integrity": "sha512-HQkzpRnhAUfj9u2ijkT4qgyFzEfaNqyAxh+dgMpLKnbbGQoHTskJ/wEgkRRI7B0Q57mr6VJ5KgXYdbXUYA7xFA==",
      "license": "Apache-2.0",
      "dependencies": {
        "@matter/general": "0.13.0",
        "@matter/model": "0.13.0",
        "@matter/protocol": "0.13.0",
        "@matter/types": "0.13.0"
      }
    },
    "node_modules/@matter/protocol": {
      "version": "0.13.0",
      "resolved": "https://registry.npmjs.org/@matter/protocol/-/protocol-0.13.0.tgz",
      "integrity": "sha512-wFxU6+LG5ygzruOV5JF30hmLkk88hz8PqAMkQ6ow81ZvoDFBevsW0OyqxXMCNwYd/zmGXmvr3mpC0mi9/troHg==",
      "license": "Apache-2.0",
      "dependencies": {
        "@matter/general": "0.13.0",
        "@matter/model": "0.13.0",
        "@matter/types": "0.13.0"
      }
    },
    "node_modules/@matter/types": {
      "version": "0.13.0",
      "resolved": "https://registry.npmjs.org/@matter/types/-/types-0.13.0.tgz",
      "integrity": "sha512-8mH7hRC4MBSy4KUs8zb6uDTr0MfRYGtGBFq9t2uedlsiHA5lMUP3L1fitszoeCbpJh4EeqKHWSvF6RxWzKNueA==",
      "license": "Apache-2.0",
      "dependencies": {
        "@matter/general": "0.13.0",
        "@matter/model": "0.13.0"
      }
    },
    "node_modules/@noble/curves": {
      "version": "1.9.7",
      "resolved": "https://registry.npmjs.org/@noble/curves/-/curves-1.9.7.tgz",
      "integrity": "sha512-gbKGcRUYIjA3/zCCNaWDciTMFI0dCkvou3TL8Zmy5Nc7sJ47a0jtOeZoTaMxkuqRo9cRhjOdZJXegxYE5FN/xw==",
      "license": "MIT",
      "dependencies": {
        "@noble/hashes": "1.8.0"
      },
      "engines": {
        "node": "^14.21.3 || >=16"
      },
      "funding": {
        "url": "https://paulmillr.com/funding/"
      }
    },
    "node_modules/@noble/hashes": {
      "version": "1.8.0",
      "resolved": "https://registry.npmjs.org/@noble/hashes/-/hashes-1.8.0.tgz",
      "integrity": "sha512-jCs9ldd7NwzpgXDIf6P3+NrHh9/sD6CQdxHyjQI+h/6rDNo88ypBxxz45UDuZHz9r3tNz7N/VInSVoVdtXEI4A==",
      "license": "MIT",
      "engines": {
        "node": "^14.21.3 || >=16"
      },
      "funding": {
        "url": "https://paulmillr.com/funding/"
      }
    },
    "node_modules/@project-chip/matter.js": {
      "version": "0.13.0",
      "resolved": "https://registry.npmjs.org/@project-chip/matter.js/-/matter.js-0.13.0.tgz",
      "integrity": "sha512-QWmfuDorGBW8dpgYk+3L9V4SdW80PQ4pW90s+ORxtWnpBcJoiP6a5skS7NJuW3kNRSMLtXQmpG+yI8oDXcULSg==",
      "license": "Apache-2.0",
      "dependencies": {
        "@matter/general": "0.13.0",
        "@matter/model": "0.13.0",
        "@matter/node": "0.13.0",
        "@matter/protocol": "0.13.0",
        "@matter/types": "0.13.0"
      }
    }
  }
}
