{
  "name": "matter-rust-capture-tlv",
  "version": "0.0.0",
  "lockfileVersion": 3,
  "requires": true,
  "packages": {
    "": {
      "name": "matter-rust-capture-tlv",
      "version": "0.0.0",
      "dependencies": {
        "@iarna/toml": "2.2.5",
        "@matter/types": "0.16.11",
        "@project-chip/matter.js": "0.17.0"
      },
      "engines": {
        "node": ">=20"
      }
    },
    "node_modules/@iarna/toml": {
      "version": "2.2.5",
      "resolved": "https://registry.npmjs.org/@iarna/toml/-/toml-2.2.5.tgz",
      "integrity": "sha512-trnsAYxU3xnS1gPHPyU961coFyLkh4gAD/0zQ5mymY4yOZ+CYvsPqUbOFSw0aDM4y0tV7tiFxL/1XfXPNC6IPg==",
      "license": "ISC"
    },
    "node_modules/@matter/general": {
      "version": "0.16.11",
      "resolved": "https://registry.npmjs.org/@matter/general/-/general-0.16.11.tgz",
      "integrity": "sha512-iOnCR7azYgRzr4p/WQRRmbediZFYsqfaqSIp7yyGhnfn2gx386F/Wh96HGXYWdprTWet/7IsFV6uiA9jcDNHvA==",
      "license": "Apache-2.0",
      "dependencies": {
        "@noble/curves": "^2.0.1"
      }
    },
    "node_modules/@matter/model": {
      "version": "0.16.11",
      "resolved": "https://registry.npmjs.org/@matter/model/-/model-0.16.11.tgz",
      "integrity": "sha512-7a64fUnf3EFwfqt5C/p4aR9RrQBWgNYnP/FKPAI4wC6cp3OyOm9Yt7fqE//Q6ikPpU867kMLxhMHwmgvntMgtA==",
      "license": "Apache-2.0",
      "dependencies": {
        "@matter/general": "0.16.11"
      }
    },
    "node_modules/@matter/node": {
      "version": "0.17.0",
      "resolved": "https://registry.npmjs.org/@matter/node/-/node-0.17.0.tgz",
      "integrity": "sha512-5t8cVKwRYTEXBd8VSBIiqb3AcJmPPSQB6pFPETFEWTCm+nzzW8Fj7sHrkJvG6yUQn7ktUulOcd7U7yId7/sa2w==",
      "license": "Apache-2.0",
      "dependencies": {
        "@matter/general": "0.17.0",
        "@matter/model": "0.17.0",
        "@matter/protocol": "0.17.0",
        "@matter/types": "0.17.0"
      }
    },
    "node_modules/@matter/node/node_modules/@matter/general": {
      "version": "0.17.0",
      "resolved": "https://registry.npmjs.org/@matter/general/-/general-0.17.0.tgz",
      "integrity": "sha512-FuPCFPqfVVVTx5LEL1aq0tdaUyAV8moVq/ub8aSKQk7fuihmPqBDN+oI8fqoL4ZnFnKYkcPNLFS1tHev470BXA==",
      "license": "Apache-2.0",
      "dependencies": {
        "@noble/curves": "^2.2.0"
      }
    },
    "node_modules/@matter/node/node_modules/@matter/model": {
      "version": "0.17.0",
      "resolved": "https://registry.npmjs.org/@matter/model/-/model-0.17.0.tgz",
      "integrity": "sha512-HF0rtOkRlrpMCqu0SFKeCaKGZA5tt77+AEPJnK628g9WtOdRbkmPsYQiL8sU1wElr+CshfubGVhoS/dYX2O3OA==",
      "license": "Apache-2.0",
      "dependencies": {
        "@matter/general": "0.17.0"
      }
    },
    "node_modules/@matter/node/node_modules/@matter/types": {
      "version": "0.17.0",
      "resolved": "https://registry.npmjs.org/@matter/types/-/types-0.17.0.tgz",
      "integrity": "sha512-HA0HvXlJoIl6hkxfLJvjtEdJM23KydjtwHT1BgYlp2g+/ZIOAlhTTreB1fErPAsBZeZWNMnWwNC78H4h6lnGKA==",
      "license": "Apache-2.0",
      "dependencies": {
        "@matter/general": "0.17.0",
        "@matter/model": "0.17.0"
      }
    },
    "node_modules/@matter/protocol": {
      "version": "0.17.0",
      "resolved": "https://registry.npmjs.org/@matter/protocol/-/protocol-0.17.0.tgz",
      "integrity": "sha512-OGEEtgXOwivIfGcr6eP37NqW5yCTU7VJa9IezrMEBHSynJHA2lvoBiOx4Zs5cuq7KK/J4wNeAOi9XyT/UINCGg==",
      "license": "Apache-2.0",
      "dependencies": {
        "@matter/general": "0.17.0",
        "@matter/model": "0.17.0",
        "@matter/types": "0.17.0"
      }
    },
    "node_modules/@matter/protocol/node_modules/@matter/general": {
      "version": "0.17.0",
      "resolved": "https://registry.npmjs.org/@matter/general/-/general-0.17.0.tgz",
      "integrity": "sha512-FuPCFPqfVVVTx5LEL1aq0tdaUyAV8moVq/ub8aSKQk7fuihmPqBDN+oI8fqoL4ZnFnKYkcPNLFS1tHev470BXA==",
      "license": "Apache-2.0",
      "dependencies": {
        "@noble/curves": "^2.2.0"
      }
    },
    "node_modules/@matter/protocol/node_modules/@matter/model": {
      "version": "0.17.0",
      "resolved": "https://registry.npmjs.org/@matter/model/-/model-0.17.0.tgz",
      "integrity": "sha512-HF0rtOkRlrpMCqu0SFKeCaKGZA5tt77+AEPJnK628g9WtOdRbkmPsYQiL8sU1wElr+CshfubGVhoS/dYX2O3OA==",
      "license": "Apache-2.0",
      "dependencies": {
        "@matter/general": "0.17.0"
      }
    },
    "node_modules/@matter/protocol/node_modules/@matter/types": {
      "version": "0.17.0",
      "resolved": "https://registry.npmjs.org/@matter/types/-/types-0.17.0.tgz",
      "integrity": "sha512-HA0HvXlJoIl6hkxfLJvjtEdJM23KydjtwHT1BgYlp2g+/ZIOAlhTTreB1fErPAsBZeZWNMnWwNC78H4h6lnGKA==",
      "license": "Apache-2.0",
      "dependencies": {
        "@matter/general": "0.17.0",
        "@matter/model": "0.17.0"
      }
    },
    "node_modules/@matter/types": {
      "version": "0.16.11",
      "resolved": "https://registry.npmjs.org/@matter/types/-/types-0.16.11.tgz",
      "integrity": "sha512-RcZk5N4AeoqKaLzlC6M6+J8YGJgxnLYpF/3WL7CeIM1DpA9ebkPQB9B8of+RJnqy8kgr6eqL/3ATmPGDA46fwg==",
      "license": "Apache-2.0",
      "dependencies": {
        "@matter/general": "0.16.11",
        "@matter/model": "0.16.11"
      }
    },
    "node_modules/@noble/curves": {
      "version": "2.2.0",
      "resolved": "https://registry.npmjs.org/@noble/curves/-/curves-2.2.0.tgz",
      "integrity": "sha512-T/BoHgFXirb0ENSPBquzX0rcjXeM6Lo892a2jlYJkqk83LqZx0l1Of7DzlKJ6jkpvMrkHSnAcgb5JegL8SeIkQ==",
      "license": "MIT",
      "dependencies": {
        "@noble/hashes": "2.2.0"
      },
      "engines": {
        "node": ">= 20.19.0"
      },
      "funding": {
        "url": "https://paulmillr.com/funding/"
      }
    },
    "node_modules/@noble/hashes": {
      "version": "2.2.0",
      "resolved": "https://registry.npmjs.org/@noble/hashes/-/hashes-2.2.0.tgz",
      "integrity": "sha512-IYqDGiTXab6FniAgnSdZwgWbomxpy9FtYvLKs7wCUs2a8RkITG+DFGO1DM9cr+E3/RgADRpFjrKVaJ1z6sjtEg==",
      "license": "MIT",
      "engines": {
        "node": ">= 20.19.0"
      },
      "funding": {
        "url": "https://paulmillr.com/funding/"
      }
    },
    "node_modules/@project-chip/matter.js": {
      "version": "0.17.0",
      "resolved": "https://registry.npmjs.org/@project-chip/matter.js/-/matter.js-0.17.0.tgz",
      "integrity": "sha512-ok7w2ywytK4DDhmVfH6YIIKX/sXb0mdaWTHWOkJ7n/iWWTGCCWs9WCwQYoSGSMO0Z1ngWPL1PawhujUm2ktznw==",
      "license": "Apache-2.0",
      "dependencies": {
        "@matter/general": "0.17.0",
        "@matter/model": "0.17.0",
        "@matter/node": "0.17.0",
        "@matter/protocol": "0.17.0",
        "@matter/types": "0.17.0"
      }
    },
    "node_modules/@project-chip/matter.js/node_modules/@matter/general": {
      "version": "0.17.0",
      "resolved": "https://registry.npmjs.org/@matter/general/-/general-0.17.0.tgz",
      "integrity": "sha512-FuPCFPqfVVVTx5LEL1aq0tdaUyAV8moVq/ub8aSKQk7fuihmPqBDN+oI8fqoL4ZnFnKYkcPNLFS1tHev470BXA==",
      "license": "Apache-2.0",
      "dependencies": {
        "@noble/curves": "^2.2.0"
      }
    },
    "node_modules/@project-chip/matter.js/node_modules/@matter/model": {
      "version": "0.17.0",
      "resolved": "https://registry.npmjs.org/@matter/model/-/model-0.17.0.tgz",
      "integrity": "sha512-HF0rtOkRlrpMCqu0SFKeCaKGZA5tt77+AEPJnK628g9WtOdRbkmPsYQiL8sU1wElr+CshfubGVhoS/dYX2O3OA==",
      "license": "Apache-2.0",
      "dependencies": {
        "@matter/general": "0.17.0"
      }
    },
    "node_modules/@project-chip/matter.js/node_modules/@matter/types": {
      "version": "0.17.0",
      "resolved": "https://registry.npmjs.org/@matter/types/-/types-0.17.0.tgz",
      "integrity": "sha512-HA0HvXlJoIl6hkxfLJvjtEdJM23KydjtwHT1BgYlp2g+/ZIOAlhTTreB1fErPAsBZeZWNMnWwNC78H4h6lnGKA==",
      "license": "Apache-2.0",
      "dependencies": {
        "@matter/general": "0.17.0",
        "@matter/model": "0.17.0"
      }
    }
  }
}
