{
  "name": "matter-rust-capture-tlv",
  "version": "0.0.0",
  "lockfileVersion": 3,
  "requires": true,
  "packages": {
    "": {
      "name": "matter-rust-capture-tlv",
      "version": "0.0.0",
      "dependencies": {
        "@iarna/toml": "2.2.5",
        "@matter/types": "0.17.1",
        "@project-chip/matter.js": "0.17.4"
      },
      "engines": {
        "node": ">=20"
      }
    },
    "node_modules/@iarna/toml": {
      "version": "2.2.5",
      "resolved": "https://registry.npmjs.org/@iarna/toml/-/toml-2.2.5.tgz",
      "integrity": "sha512-trnsAYxU3xnS1gPHPyU961coFyLkh4gAD/0zQ5mymY4yOZ+CYvsPqUbOFSw0aDM4y0tV7tiFxL/1XfXPNC6IPg==",
      "license": "ISC"
    },
    "node_modules/@matter/general": {
      "version": "0.17.1",
      "resolved": "https://registry.npmjs.org/@matter/general/-/general-0.17.1.tgz",
      "integrity": "sha512-ImAchtIK8fRiNr5uRTeBFG6qNOb1TbZLhTuj4iYdO+KN1/Uf+GY/3cQhmwGGv1sfIrHBcRKLyBy8SH1S4bvPhg==",
      "license": "Apache-2.0",
      "dependencies": {
        "@noble/curves": "^2.2.0"
      }
    },
    "node_modules/@matter/model": {
      "version": "0.17.1",
      "resolved": "https://registry.npmjs.org/@matter/model/-/model-0.17.1.tgz",
      "integrity": "sha512-lW8p8J02MXRuijDFZXf+o2TsyYjkYq6hf2CC2WudZ4gbVQQHQB85XWj+MEQMUtNQk9FzcYZSDUnBL4q1E0Z9pw==",
      "license": "Apache-2.0",
      "dependencies": {
        "@matter/general": "0.17.1"
      }
    },
    "node_modules/@matter/node": {
      "version": "0.17.4",
      "resolved": "https://registry.npmjs.org/@matter/node/-/node-0.17.4.tgz",
      "integrity": "sha512-sQZfPrVC9mxrWHuUjJDhDR2MGMQJFyiRMfZiCZx2kHrbRi404D2Cod5U+ay3hH1zzPxai/PkooA4/wvKR+S4yQ==",
      "license": "Apache-2.0",
      "dependencies": {
        "@matter/general": "0.17.4",
        "@matter/model": "0.17.4",
        "@matter/protocol": "0.17.4",
        "@matter/types": "0.17.4"
      }
    },
    "node_modules/@matter/node/node_modules/@matter/general": {
      "version": "0.17.4",
      "resolved": "https://registry.npmjs.org/@matter/general/-/general-0.17.4.tgz",
      "integrity": "sha512-b1Q/Xdf1JHlcUFdaXU8uAaLeMSINMS0kKl/ElaDcE127Ax+3/UbZRtsLDclQopbpXtArXs73XBfdGFCA42gU8Q==",
      "license": "Apache-2.0",
      "dependencies": {
        "@noble/curves": "^2.2.0"
      }
    },
    "node_modules/@matter/node/node_modules/@matter/model": {
      "version": "0.17.4",
      "resolved": "https://registry.npmjs.org/@matter/model/-/model-0.17.4.tgz",
      "integrity": "sha512-q5Elw1ad5QykwkIVs9WhUkZQ1yMrHyRjnlKk+g2gO9aAtV9IoS1v+a6JA/dQbsDUiXnbdczU//jhGrOy/vkL6g==",
      "license": "Apache-2.0",
      "dependencies": {
        "@matter/general": "0.17.4"
      }
    },
    "node_modules/@matter/node/node_modules/@matter/types": {
      "version": "0.17.4",
      "resolved": "https://registry.npmjs.org/@matter/types/-/types-0.17.4.tgz",
      "integrity": "sha512-nHiBrV6xoPMDPkuzL3+SQk90/2d4xbBgqwnxYQFqcvVrgITSwpGWzSGRC917BsuZE7koUNyD7T0Wlbt+GAlfkw==",
      "license": "Apache-2.0",
      "dependencies": {
        "@matter/general": "0.17.4",
        "@matter/model": "0.17.4"
      }
    },
    "node_modules/@matter/protocol": {
      "version": "0.17.4",
      "resolved": "https://registry.npmjs.org/@matter/protocol/-/protocol-0.17.4.tgz",
      "integrity": "sha512-wyju0Km43PVWITr//aHyD4cKDVFVlIrx0x85fRyHn1F8Ab2RY5/IHXIxutcXYl6Jtm22AVeXdeYZUtE6HmWjzQ==",
      "license": "Apache-2.0",
      "dependencies": {
        "@matter/general": "0.17.4",
        "@matter/model": "0.17.4",
        "@matter/types": "0.17.4"
      }
    },
    "node_modules/@matter/protocol/node_modules/@matter/general": {
      "version": "0.17.4",
      "resolved": "https://registry.npmjs.org/@matter/general/-/general-0.17.4.tgz",
      "integrity": "sha512-b1Q/Xdf1JHlcUFdaXU8uAaLeMSINMS0kKl/ElaDcE127Ax+3/UbZRtsLDclQopbpXtArXs73XBfdGFCA42gU8Q==",
      "license": "Apache-2.0",
      "dependencies": {
        "@noble/curves": "^2.2.0"
      }
    },
    "node_modules/@matter/protocol/node_modules/@matter/model": {
      "version": "0.17.4",
      "resolved": "https://registry.npmjs.org/@matter/model/-/model-0.17.4.tgz",
      "integrity": "sha512-q5Elw1ad5QykwkIVs9WhUkZQ1yMrHyRjnlKk+g2gO9aAtV9IoS1v+a6JA/dQbsDUiXnbdczU//jhGrOy/vkL6g==",
      "license": "Apache-2.0",
      "dependencies": {
        "@matter/general": "0.17.4"
      }
    },
    "node_modules/@matter/protocol/node_modules/@matter/types": {
      "version": "0.17.4",
      "resolved": "https://registry.npmjs.org/@matter/types/-/types-0.17.4.tgz",
      "integrity": "sha512-nHiBrV6xoPMDPkuzL3+SQk90/2d4xbBgqwnxYQFqcvVrgITSwpGWzSGRC917BsuZE7koUNyD7T0Wlbt+GAlfkw==",
      "license": "Apache-2.0",
      "dependencies": {
        "@matter/general": "0.17.4",
        "@matter/model": "0.17.4"
      }
    },
    "node_modules/@matter/types": {
      "version": "0.17.1",
      "resolved": "https://registry.npmjs.org/@matter/types/-/types-0.17.1.tgz",
      "integrity": "sha512-DaqwpWl8Xayl05QqCRK2TPqvyuswELLbdCUD1H3R4CG2fvOAJqocGn/fu0q9mtAUEhHxuz2MgyLryRMIH6CNLw==",
      "license": "Apache-2.0",
      "dependencies": {
        "@matter/general": "0.17.1",
        "@matter/model": "0.17.1"
      }
    },
    "node_modules/@noble/curves": {
      "version": "2.2.0",
      "resolved": "https://registry.npmjs.org/@noble/curves/-/curves-2.2.0.tgz",
      "integrity": "sha512-T/BoHgFXirb0ENSPBquzX0rcjXeM6Lo892a2jlYJkqk83LqZx0l1Of7DzlKJ6jkpvMrkHSnAcgb5JegL8SeIkQ==",
      "license": "MIT",
      "dependencies": {
        "@noble/hashes": "2.2.0"
      },
      "engines": {
        "node": ">= 20.19.0"
      },
      "funding": {
        "url": "https://paulmillr.com/funding/"
      }
    },
    "node_modules/@noble/hashes": {
      "version": "2.2.0",
      "resolved": "https://registry.npmjs.org/@noble/hashes/-/hashes-2.2.0.tgz",
      "integrity": "sha512-IYqDGiTXab6FniAgnSdZwgWbomxpy9FtYvLKs7wCUs2a8RkITG+DFGO1DM9cr+E3/RgADRpFjrKVaJ1z6sjtEg==",
      "license": "MIT",
      "engines": {
        "node": ">= 20.19.0"
      },
      "funding": {
        "url": "https://paulmillr.com/funding/"
      }
    },
    "node_modules/@project-chip/matter.js": {
      "version": "0.17.4",
      "resolved": "https://registry.npmjs.org/@project-chip/matter.js/-/matter.js-0.17.4.tgz",
      "integrity": "sha512-q29M1tYKw0YRrKCDFWZjsUCZkhvDiH7rrcszYDb0mR7MLBEtMUDm7TxrAE6ISy+VDIL91FJBH3cPpiW1TusSqQ==",
      "license": "Apache-2.0",
      "dependencies": {
        "@matter/general": "0.17.4",
        "@matter/model": "0.17.4",
        "@matter/node": "0.17.4",
        "@matter/protocol": "0.17.4",
        "@matter/types": "0.17.4"
      }
    },
    "node_modules/@project-chip/matter.js/node_modules/@matter/general": {
      "version": "0.17.4",
      "resolved": "https://registry.npmjs.org/@matter/general/-/general-0.17.4.tgz",
      "integrity": "sha512-b1Q/Xdf1JHlcUFdaXU8uAaLeMSINMS0kKl/ElaDcE127Ax+3/UbZRtsLDclQopbpXtArXs73XBfdGFCA42gU8Q==",
      "license": "Apache-2.0",
      "dependencies": {
        "@noble/curves": "^2.2.0"
      }
    },
    "node_modules/@project-chip/matter.js/node_modules/@matter/model": {
      "version": "0.17.4",
      "resolved": "https://registry.npmjs.org/@matter/model/-/model-0.17.4.tgz",
      "integrity": "sha512-q5Elw1ad5QykwkIVs9WhUkZQ1yMrHyRjnlKk+g2gO9aAtV9IoS1v+a6JA/dQbsDUiXnbdczU//jhGrOy/vkL6g==",
      "license": "Apache-2.0",
      "dependencies": {
        "@matter/general": "0.17.4"
      }
    },
    "node_modules/@project-chip/matter.js/node_modules/@matter/types": {
      "version": "0.17.4",
      "resolved": "https://registry.npmjs.org/@matter/types/-/types-0.17.4.tgz",
      "integrity": "sha512-nHiBrV6xoPMDPkuzL3+SQk90/2d4xbBgqwnxYQFqcvVrgITSwpGWzSGRC917BsuZE7koUNyD7T0Wlbt+GAlfkw==",
      "license": "Apache-2.0",
      "dependencies": {
        "@matter/general": "0.17.4",
        "@matter/model": "0.17.4"
      }
    }
  }
}
