{
  "name": "matter-rust-capture-clusters",
  "version": "0.0.0",
  "lockfileVersion": 3,
  "requires": true,
  "packages": {
    "": {
      "name": "matter-rust-capture-clusters",
      "version": "0.0.0",
      "dependencies": {
        "@matter/types": "0.16.11"
      },
      "engines": {
        "node": ">=20"
      }
    },
    "node_modules/@matter/general": {
      "version": "0.16.11",
      "resolved": "https://registry.npmjs.org/@matter/general/-/general-0.16.11.tgz",
      "integrity": "sha512-iOnCR7azYgRzr4p/WQRRmbediZFYsqfaqSIp7yyGhnfn2gx386F/Wh96HGXYWdprTWet/7IsFV6uiA9jcDNHvA==",
      "license": "Apache-2.0",
      "dependencies": {
        "@noble/curves": "^2.0.1"
      }
    },
    "node_modules/@matter/model": {
      "version": "0.16.11",
      "resolved": "https://registry.npmjs.org/@matter/model/-/model-0.16.11.tgz",
      "integrity": "sha512-7a64fUnf3EFwfqt5C/p4aR9RrQBWgNYnP/FKPAI4wC6cp3OyOm9Yt7fqE//Q6ikPpU867kMLxhMHwmgvntMgtA==",
      "license": "Apache-2.0",
      "dependencies": {
        "@matter/general": "0.16.11"
      }
    },
    "node_modules/@matter/types": {
      "version": "0.16.11",
      "resolved": "https://registry.npmjs.org/@matter/types/-/types-0.16.11.tgz",
      "integrity": "sha512-RcZk5N4AeoqKaLzlC6M6+J8YGJgxnLYpF/3WL7CeIM1DpA9ebkPQB9B8of+RJnqy8kgr6eqL/3ATmPGDA46fwg==",
      "license": "Apache-2.0",
      "dependencies": {
        "@matter/general": "0.16.11",
        "@matter/model": "0.16.11"
      }
    },
    "node_modules/@noble/curves": {
      "version": "2.2.0",
      "resolved": "https://registry.npmjs.org/@noble/curves/-/curves-2.2.0.tgz",
      "integrity": "sha512-T/BoHgFXirb0ENSPBquzX0rcjXeM6Lo892a2jlYJkqk83LqZx0l1Of7DzlKJ6jkpvMrkHSnAcgb5JegL8SeIkQ==",
      "license": "MIT",
      "dependencies": {
        "@noble/hashes": "2.2.0"
      },
      "engines": {
        "node": ">= 20.19.0"
      },
      "funding": {
        "url": "https://paulmillr.com/funding/"
      }
    },
    "node_modules/@noble/hashes": {
      "version": "2.2.0",
      "resolved": "https://registry.npmjs.org/@noble/hashes/-/hashes-2.2.0.tgz",
      "integrity": "sha512-IYqDGiTXab6FniAgnSdZwgWbomxpy9FtYvLKs7wCUs2a8RkITG+DFGO1DM9cr+E3/RgADRpFjrKVaJ1z6sjtEg==",
      "license": "MIT",
      "engines": {
        "node": ">= 20.19.0"
      },
      "funding": {
        "url": "https://paulmillr.com/funding/"
      }
    }
  }
}
